
Microsoft Visual Studio Solution File, Format Version 12.00
# Visual Studio Version 17
VisualStudioVersion = 17.14.36623.8
MinimumVisualStudioVersion = 10.0.40219.1
Project("{FAE04EC0-301F-11D3-BF4B-00C04F79EFBC}") = "CSharpDemo", "CSharpDemo\CSharpDemo.csproj", "{56929AB5-BA94-4534-B183-B942B299FD12}"
EndProject
Project("{FAE04EC0-301F-11D3-BF4B-00C04F79EFBC}") = "BasicStructure", "BasicStructure\BasicStructure.csproj", "{F4284170-CB66-42BB-8D81-36C95DAEC8FC}"
EndProject
Project("{FAE04EC0-301F-11D3-BF4B-00C04F79EFBC}") = "LogiskaSatser", "LogiskaSatser\LogiskaSatser.csproj", "{42369604-8044-4359-AC1B-AAFE547C4E05}"
EndProject
Project("{FAE04EC0-301F-11D3-BF4B-00C04F79EFBC}") = "Metoder", "Metoder\Metoder.csproj", "{B5CC3F14-EC7C-4FF2-9B9A-5F2C08B955C9}"
EndProject
Global
	GlobalSection(SolutionConfigurationPlatforms) = preSolution
		Debug|Any CPU = Debug|Any CPU
		Release|Any CPU = Release|Any CPU
	EndGlobalSection
	GlobalSection(ProjectConfigurationPlatforms) = postSolution
		{56929AB5-BA94-4534-B183-B942B299FD12}.Debug|Any CPU.ActiveCfg = Debug|Any CPU
		{56929AB5-BA94-4534-B183-B942B299FD12}.Debug|Any CPU.Build.0 = Debug|Any CPU
		{56929AB5-BA94-4534-B183-B942B299FD12}.Release|Any CPU.ActiveCfg = Release|Any CPU
		{56929AB5-BA94-4534-B183-B942B299FD12}.Release|Any CPU.Build.0 = Release|Any CPU
		{F4284170-CB66-42BB-8D81-36C95DAEC8FC}.Debug|Any CPU.ActiveCfg = Debug|Any CPU
		{F4284170-CB66-42BB-8D81-36C95DAEC8FC}.Debug|Any CPU.Build.0 = Debug|Any CPU
		{F4284170-CB66-42BB-8D81-36C95DAEC8FC}.Release|Any CPU.ActiveCfg = Release|Any CPU
		{F4284170-CB66-42BB-8D81-36C95DAEC8FC}.Release|Any CPU.Build.0 = Release|Any CPU
		{42369604-8044-4359-AC1B-AAFE547C4E05}.Debug|Any CPU.ActiveCfg = Debug|Any CPU
		{42369604-8044-4359-AC1B-AAFE547C4E05}.Debug|Any CPU.Build.0 = Debug|Any CPU
		{42369604-8044-4359-AC1B-AAFE547C4E05}.Release|Any CPU.ActiveCfg = Release|Any CPU
		{42369604-8044-4359-AC1B-AAFE547C4E05}.Release|Any CPU.Build.0 = Release|Any CPU
		{B5CC3F14-EC7C-4FF2-9B9A-5F2C08B955C9}.Debug|Any CPU.ActiveCfg = Debug|Any CPU
		{B5CC3F14-EC7C-4FF2-9B9A-5F2C08B955C9}.Debug|Any CPU.Build.0 = Debug|Any CPU
		{B5CC3F14-EC7C-4FF2-9B9A-5F2C08B955C9}.Release|Any CPU.ActiveCfg = Release|Any CPU
		{B5CC3F14-EC7C-4FF2-9B9A-5F2C08B955C9}.Release|Any CPU.Build.0 = Release|Any CPU
	EndGlobalSection
	GlobalSection(SolutionProperties) = preSolution
		HideSolutionNode = FALSE
	EndGlobalSection
	GlobalSection(ExtensibilityGlobals) = postSolution
		SolutionGuid = {CB4D0C9B-5BFE-420B-81E8-433FB5448FD1}
	EndGlobalSection
EndGlobal
